
Microsoft Visual Studio Solution File, Format Version 12.00
# Visual Studio Version 16
VisualStudioVersion = 16.0.34301.259
MinimumVisualStudioVersion = 10.0.40219.1
Project("{FAE04EC0-301F-11D3-BF4B-00C04F79EFBC}") = "BT01", "BT01\BT01.csproj", "{07090820-59AC-4BFF-B932-EBCADCE32FEC}"
EndProject
Project("{FAE04EC0-301F-11D3-BF4B-00C04F79EFBC}") = "BT02", "BT02\BT02.csproj", "{37D16B59-2C2C-46FC-8840-D7D7DB74783A}"
EndProject
Global
	GlobalSection(SolutionConfigurationPlatforms) = preSolution
		Debug|Any CPU = Debug|Any CPU
		Release|Any CPU = Release|Any CPU
	EndGlobalSection
	GlobalSection(ProjectConfigurationPlatforms) = postSolution
		{07090820-59AC-4BFF-B932-EBCADCE32FEC}.Debug|Any CPU.ActiveCfg = Debug|Any CPU
		{07090820-59AC-4BFF-B932-EBCADCE32FEC}.Debug|Any CPU.Build.0 = Debug|Any CPU
		{07090820-59AC-4BFF-B932-EBCADCE32FEC}.Release|Any CPU.ActiveCfg = Release|Any CPU
		{07090820-59AC-4BFF-B932-EBCADCE32FEC}.Release|Any CPU.Build.0 = Release|Any CPU
		{37D16B59-2C2C-46FC-8840-D7D7DB74783A}.Debug|Any CPU.ActiveCfg = Debug|Any CPU
		{37D16B59-2C2C-46FC-8840-D7D7DB74783A}.Debug|Any CPU.Build.0 = Debug|Any CPU
		{37D16B59-2C2C-46FC-8840-D7D7DB74783A}.Release|Any CPU.ActiveCfg = Release|Any CPU
		{37D16B59-2C2C-46FC-8840-D7D7DB74783A}.Release|Any CPU.Build.0 = Release|Any CPU
	EndGlobalSection
	GlobalSection(SolutionProperties) = preSolution
		HideSolutionNode = FALSE
	EndGlobalSection
	GlobalSection(ExtensibilityGlobals) = postSolution
		SolutionGuid = {804163B5-74EB-45A2-80B3-7977E70383BD}
	EndGlobalSection
EndGlobal
